
Microsoft Visual Studio Solution File, Format Version 12.00
# Visual Studio Version 17
VisualStudioVersion = 17.1.32210.238
MinimumVisualStudioVersion = 10.0.40219.1
Project("{FAE04EC0-301F-11D3-BF4B-00C04F79EFBC}") = "SwapTwoNumber", "SwapTwoNumber.csproj", "{11EF9B68-D615-45E5-A7ED-FF1EF2A30015}"
EndProject
Global
	GlobalSection(SolutionConfigurationPlatforms) = preSolution
		Debug|Any CPU = Debug|Any CPU
		Release|Any CPU = Release|Any CPU
	EndGlobalSection
	GlobalSection(ProjectConfigurationPlatforms) = postSolution
		{11EF9B68-D615-45E5-A7ED-FF1EF2A30015}.Debug|Any CPU.ActiveCfg = Debug|Any CPU
		{11EF9B68-D615-45E5-A7ED-FF1EF2A30015}.Debug|Any CPU.Build.0 = Debug|Any CPU
		{11EF9B68-D615-45E5-A7ED-FF1EF2A30015}.Release|Any CPU.ActiveCfg = Release|Any CPU
		{11EF9B68-D615-45E5-A7ED-FF1EF2A30015}.Release|Any CPU.Build.0 = Release|Any CPU
	EndGlobalSection
	GlobalSection(SolutionProperties) = preSolution
		HideSolutionNode = FALSE
	EndGlobalSection
	GlobalSection(ExtensibilityGlobals) = postSolution
		SolutionGuid = {6DF0F9C5-7001-4364-841A-6679F4D356A3}
	EndGlobalSection
EndGlobal
